// !$*UTF8*$!
{
	archiveVersion = 1;
	classes = {
	};
	objectVersion = 50;
	objects = {

/* Begin PBXBuildFile section */
		5A2F748825312CE70086BFCF /* MusicTimerTests.swift in Sources */ = {isa = PBXBuildFile; fileRef = 5A2F748725312CE70086BFCF /* MusicTimerTests.swift */; };
		5A3410AF2507EE180037AF68 /* MiniNowPlayingView.swift in Sources */ = {isa = PBXBuildFile; fileRef = 5A3410AE2507EE180037AF68 /* MiniNowPlayingView.swift */; };
		5A3410B3250A98D50037AF68 /* RoundedImageWithShadow.swift in Sources */ = {isa = PBXBuildFile; fileRef = 5A3410B2250A98D50037AF68 /* RoundedImageWithShadow.swift */; };
		5A3410B5250A9EFC0037AF68 /* UIImage Extension.swift in Sources */ = {isa = PBXBuildFile; fileRef = 5A3410B4250A9EFC0037AF68 /* UIImage Extension.swift */; };
		5A5B21802550C31E007CC218 /* WidgetKit.framework in Frameworks */ = {isa = PBXBuildFile; fileRef = 5A5B21452550C258007CC218 /* WidgetKit.framework */; };
		5A5B21812550C31E007CC218 /* SwiftUI.framework in Frameworks */ = {isa = PBXBuildFile; fileRef = 5A5B21472550C259007CC218 /* SwiftUI.framework */; };
		5A5B21842550C31E007CC218 /* MusicTimer_Widget.swift in Sources */ = {isa = PBXBuildFile; fileRef = 5A5B21832550C31E007CC218 /* MusicTimer_Widget.swift */; };
		5A5B21862550C320007CC218 /* Assets.xcassets in Resources */ = {isa = PBXBuildFile; fileRef = 5A5B21852550C320007CC218 /* Assets.xcassets */; };
		5A5B218A2550C320007CC218 /* MusicTimer WidgetExtension.appex in Embed App Extensions */ = {isa = PBXBuildFile; fileRef = 5A5B217F2550C31E007CC218 /* MusicTimer WidgetExtension.appex */; settings = {ATTRIBUTES = (RemoveHeadersOnCopy, ); }; };
		5A5B21A82550D9F7007CC218 /* ContentRepository.swift in Sources */ = {isa = PBXBuildFile; fileRef = 5A5B21A72550D9F7007CC218 /* ContentRepository.swift */; };
		5A5B21AD2550DB88007CC218 /* LastPlaylist.swift in Sources */ = {isa = PBXBuildFile; fileRef = 5A5B21AC2550DB88007CC218 /* LastPlaylist.swift */; };
		5A5B21AE2550DB88007CC218 /* LastPlaylist.swift in Sources */ = {isa = PBXBuildFile; fileRef = 5A5B21AC2550DB88007CC218 /* LastPlaylist.swift */; };
		5A6A817B251BD2A20075225C /* ButtonWithBlurredBackground.swift in Sources */ = {isa = PBXBuildFile; fileRef = 5A6A817A251BD2A20075225C /* ButtonWithBlurredBackground.swift */; };
		5A7FA1142444FC1C00BE7DAA /* CommonMusicObjects.swift in Sources */ = {isa = PBXBuildFile; fileRef = 5A7FA1132444FC1C00BE7DAA /* CommonMusicObjects.swift */; };
		5A7FA1162444FF8200BE7DAA /* UserPlaylistDecoder.swift in Sources */ = {isa = PBXBuildFile; fileRef = 5A7FA1152444FF8200BE7DAA /* UserPlaylistDecoder.swift */; };
		5A7FA11A24450A7C00BE7DAA /* PlaylistObject.swift in Sources */ = {isa = PBXBuildFile; fileRef = 5A7FA11924450A7C00BE7DAA /* PlaylistObject.swift */; };
		5A7FA11C24450DDE00BE7DAA /* PlaylistTracksDecoder.swift in Sources */ = {isa = PBXBuildFile; fileRef = 5A7FA11B24450DDE00BE7DAA /* PlaylistTracksDecoder.swift */; };
		5A7FA11E24450FDC00BE7DAA /* SongObject.swift in Sources */ = {isa = PBXBuildFile; fileRef = 5A7FA11D24450FDC00BE7DAA /* SongObject.swift */; };
		5A9E2C892434F39400C29103 /* AppDelegate.swift in Sources */ = {isa = PBXBuildFile; fileRef = 5A9E2C882434F39400C29103 /* AppDelegate.swift */; };
		5A9E2C8B2434F39400C29103 /* SceneDelegate.swift in Sources */ = {isa = PBXBuildFile; fileRef = 5A9E2C8A2434F39400C29103 /* SceneDelegate.swift */; };
		5A9E2C922434F39900C29103 /* Assets.xcassets in Resources */ = {isa = PBXBuildFile; fileRef = 5A9E2C912434F39900C29103 /* Assets.xcassets */; };
		5A9E2C952434F39900C29103 /* LaunchScreen.storyboard in Resources */ = {isa = PBXBuildFile; fileRef = 5A9E2C932434F39900C29103 /* LaunchScreen.storyboard */; };
		5AA556252518FCF700B76BF4 /* ActivityViewController.swift in Sources */ = {isa = PBXBuildFile; fileRef = 5AA556242518FCF700B76BF4 /* ActivityViewController.swift */; };
		5AB2AA06251A84C000E2A4AB /* NewMainScreenConceptViewController.swift in Sources */ = {isa = PBXBuildFile; fileRef = 5AB2AA05251A84C000E2A4AB /* NewMainScreenConceptViewController.swift */; };
		5AB2AA09251A860F00E2A4AB /* NewPlaylistCell.swift in Sources */ = {isa = PBXBuildFile; fileRef = 5AB2AA08251A860F00E2A4AB /* NewPlaylistCell.swift */; };
		5AC544032550A68A00404E1E /* NotificationNames.swift in Sources */ = {isa = PBXBuildFile; fileRef = 5AC544022550A68A00404E1E /* NotificationNames.swift */; };
		5ACA981324FEC973001933EF /* PlaylistCell.swift in Sources */ = {isa = PBXBuildFile; fileRef = 5ACA981224FEC973001933EF /* PlaylistCell.swift */; };
		5ACA9815250169D2001933EF /* NowPlayingViewController.swift in Sources */ = {isa = PBXBuildFile; fileRef = 5ACA9814250169D2001933EF /* NowPlayingViewController.swift */; };
		5ACA981825017571001933EF /* SongPreviewView.swift in Sources */ = {isa = PBXBuildFile; fileRef = 5ACA981725017571001933EF /* SongPreviewView.swift */; };
		5ACA981B2502B999001933EF /* ImageView Extension.swift in Sources */ = {isa = PBXBuildFile; fileRef = 5ACA981A2502B999001933EF /* ImageView Extension.swift */; };
		5AE9BADE243D22EE00FEC215 /* MusicPlayer.swift in Sources */ = {isa = PBXBuildFile; fileRef = 5AE9BADD243D22EE00FEC215 /* MusicPlayer.swift */; };
/* End PBXBuildFile section */

/* Begin PBXContainerItemProxy section */
		5A2F748A25312CE70086BFCF /* PBXContainerItemProxy */ = {
			isa = PBXContainerItemProxy;
			containerPortal = 5A9E2C7D2434F39400C29103 /* Project object */;
			proxyType = 1;
			remoteGlobalIDString = 5A9E2C842434F39400C29103;
			remoteInfo = MusicTimer;
		};
		5A5B21882550C320007CC218 /* PBXContainerItemProxy */ = {
			isa = PBXContainerItemProxy;
			containerPortal = 5A9E2C7D2434F39400C29103 /* Project object */;
			proxyType = 1;
			remoteGlobalIDString = 5A5B217E2550C31E007CC218;
			remoteInfo = "MusicTimer WidgetExtension";
		};
/* End PBXContainerItemProxy section */

/* Begin PBXCopyFilesBuildPhase section */
		5A5B21552550C25C007CC218 /* Embed App Extensions */ = {
			isa = PBXCopyFilesBuildPhase;
			buildActionMask = 2147483647;
			dstPath = "";
			dstSubfolderSpec = 13;
			files = (
				5A5B218A2550C320007CC218 /* MusicTimer WidgetExtension.appex in Embed App Extensions */,
			);
			name = "Embed App Extensions";
			runOnlyForDeploymentPostprocessing = 0;
		};
/* End PBXCopyFilesBuildPhase section */

/* Begin PBXFileReference section */
		5A2F748525312CE70086BFCF /* MusicTimerTests.xctest */ = {isa = PBXFileReference; explicitFileType = wrapper.cfbundle; includeInIndex = 0; path = MusicTimerTests.xctest; sourceTree = BUILT_PRODUCTS_DIR; };
		5A2F748725312CE70086BFCF /* MusicTimerTests.swift */ = {isa = PBXFileReference; lastKnownFileType = sourcecode.swift; path = MusicTimerTests.swift; sourceTree = "<group>"; };
		5A2F748925312CE70086BFCF /* Info.plist */ = {isa = PBXFileReference; lastKnownFileType = text.plist.xml; path = Info.plist; sourceTree = "<group>"; };
		5A3410AE2507EE180037AF68 /* MiniNowPlayingView.swift */ = {isa = PBXFileReference; lastKnownFileType = sourcecode.swift; path = MiniNowPlayingView.swift; sourceTree = "<group>"; };
		5A3410B2250A98D50037AF68 /* RoundedImageWithShadow.swift */ = {isa = PBXFileReference; lastKnownFileType = sourcecode.swift; path = RoundedImageWithShadow.swift; sourceTree = "<group>"; };
		5A3410B4250A9EFC0037AF68 /* UIImage Extension.swift */ = {isa = PBXFileReference; lastKnownFileType = sourcecode.swift; path = "UIImage Extension.swift"; sourceTree = "<group>"; };
		5A5B21452550C258007CC218 /* WidgetKit.framework */ = {isa = PBXFileReference; lastKnownFileType = wrapper.framework; name = WidgetKit.framework; path = System/Library/Frameworks/WidgetKit.framework; sourceTree = SDKROOT; };
		5A5B21472550C259007CC218 /* SwiftUI.framework */ = {isa = PBXFileReference; lastKnownFileType = wrapper.framework; name = SwiftUI.framework; path = System/Library/Frameworks/SwiftUI.framework; sourceTree = SDKROOT; };
		5A5B217F2550C31E007CC218 /* MusicTimer WidgetExtension.appex */ = {isa = PBXFileReference; explicitFileType = "wrapper.app-extension"; includeInIndex = 0; path = "MusicTimer WidgetExtension.appex"; sourceTree = BUILT_PRODUCTS_DIR; };
		5A5B21832550C31E007CC218 /* MusicTimer_Widget.swift */ = {isa = PBXFileReference; lastKnownFileType = sourcecode.swift; path = MusicTimer_Widget.swift; sourceTree = "<group>"; };
		5A5B21852550C320007CC218 /* Assets.xcassets */ = {isa = PBXFileReference; lastKnownFileType = folder.assetcatalog; path = Assets.xcassets; sourceTree = "<group>"; };
		5A5B21872550C320007CC218 /* Info.plist */ = {isa = PBXFileReference; lastKnownFileType = text.plist.xml; path = Info.plist; sourceTree = "<group>"; };
		5A5B219F2550D966007CC218 /* MusicTimer WidgetExtension.entitlements */ = {isa = PBXFileReference; lastKnownFileType = text.plist.entitlements; path = "MusicTimer WidgetExtension.entitlements"; sourceTree = "<group>"; };
		5A5B21A32550D99C007CC218 /* MusicTimer.entitlements */ = {isa = PBXFileReference; lastKnownFileType = text.plist.entitlements; path = MusicTimer.entitlements; sourceTree = "<group>"; };
		5A5B21A72550D9F7007CC218 /* ContentRepository.swift */ = {isa = PBXFileReference; lastKnownFileType = sourcecode.swift; path = ContentRepository.swift; sourceTree = "<group>"; };
		5A5B21AC2550DB88007CC218 /* LastPlaylist.swift */ = {isa = PBXFileReference; lastKnownFileType = sourcecode.swift; path = LastPlaylist.swift; sourceTree = "<group>"; };
		5A6A817A251BD2A20075225C /* ButtonWithBlurredBackground.swift */ = {isa = PBXFileReference; lastKnownFileType = sourcecode.swift; path = ButtonWithBlurredBackground.swift; sourceTree = "<group>"; };
		5A7FA1132444FC1C00BE7DAA /* CommonMusicObjects.swift */ = {isa = PBXFileReference; lastKnownFileType = sourcecode.swift; path = CommonMusicObjects.swift; sourceTree = "<group>"; };
		5A7FA1152444FF8200BE7DAA /* UserPlaylistDecoder.swift */ = {isa = PBXFileReference; lastKnownFileType = sourcecode.swift; path = UserPlaylistDecoder.swift; sourceTree = "<group>"; };
		5A7FA11924450A7C00BE7DAA /* PlaylistObject.swift */ = {isa = PBXFileReference; lastKnownFileType = sourcecode.swift; path = PlaylistObject.swift; sourceTree = "<group>"; };
		5A7FA11B24450DDE00BE7DAA /* PlaylistTracksDecoder.swift */ = {isa = PBXFileReference; lastKnownFileType = sourcecode.swift; path = PlaylistTracksDecoder.swift; sourceTree = "<group>"; };
		5A7FA11D24450FDC00BE7DAA /* SongObject.swift */ = {isa = PBXFileReference; lastKnownFileType = sourcecode.swift; path = SongObject.swift; sourceTree = "<group>"; };
		5A9E2C852434F39400C29103 /* MusicTimer.app */ = {isa = PBXFileReference; explicitFileType = wrapper.application; includeInIndex = 0; path = MusicTimer.app; sourceTree = BUILT_PRODUCTS_DIR; };
		5A9E2C882434F39400C29103 /* AppDelegate.swift */ = {isa = PBXFileReference; lastKnownFileType = sourcecode.swift; path = AppDelegate.swift; sourceTree = "<group>"; };
		5A9E2C8A2434F39400C29103 /* SceneDelegate.swift */ = {isa = PBXFileReference; lastKnownFileType = sourcecode.swift; path = SceneDelegate.swift; sourceTree = "<group>"; };
		5A9E2C912434F39900C29103 /* Assets.xcassets */ = {isa = PBXFileReference; lastKnownFileType = folder.assetcatalog; path = Assets.xcassets; sourceTree = "<group>"; };
		5A9E2C942434F39900C29103 /* Base */ = {isa = PBXFileReference; lastKnownFileType = file.storyboard; name = Base; path = Base.lproj/LaunchScreen.storyboard; sourceTree = "<group>"; };
		5A9E2C962434F39900C29103 /* Info.plist */ = {isa = PBXFileReference; lastKnownFileType = text.plist.xml; path = Info.plist; sourceTree = "<group>"; };
		5AA556242518FCF700B76BF4 /* ActivityViewController.swift */ = {isa = PBXFileReference; lastKnownFileType = sourcecode.swift; path = ActivityViewController.swift; sourceTree = "<group>"; };
		5AB2AA05251A84C000E2A4AB /* NewMainScreenConceptViewController.swift */ = {isa = PBXFileReference; lastKnownFileType = sourcecode.swift; path = NewMainScreenConceptViewController.swift; sourceTree = "<group>"; };
		5AB2AA08251A860F00E2A4AB /* NewPlaylistCell.swift */ = {isa = PBXFileReference; lastKnownFileType = sourcecode.swift; path = NewPlaylistCell.swift; sourceTree = "<group>"; };
		5AC544022550A68A00404E1E /* NotificationNames.swift */ = {isa = PBXFileReference; lastKnownFileType = sourcecode.swift; path = NotificationNames.swift; sourceTree = "<group>"; };
		5ACA981224FEC973001933EF /* PlaylistCell.swift */ = {isa = PBXFileReference; lastKnownFileType = sourcecode.swift; path = PlaylistCell.swift; sourceTree = "<group>"; };
		5ACA9814250169D2001933EF /* NowPlayingViewController.swift */ = {isa = PBXFileReference; lastKnownFileType = sourcecode.swift; path = NowPlayingViewController.swift; sourceTree = "<group>"; };
		5ACA981725017571001933EF /* SongPreviewView.swift */ = {isa = PBXFileReference; lastKnownFileType = sourcecode.swift; path = SongPreviewView.swift; sourceTree = "<group>"; };
		5ACA981A2502B999001933EF /* ImageView Extension.swift */ = {isa = PBXFileReference; lastKnownFileType = sourcecode.swift; path = "ImageView Extension.swift"; sourceTree = "<group>"; };
		5AE9BADD243D22EE00FEC215 /* MusicPlayer.swift */ = {isa = PBXFileReference; lastKnownFileType = sourcecode.swift; path = MusicPlayer.swift; sourceTree = "<group>"; };
/* End PBXFileReference section */

/* Begin PBXFrameworksBuildPhase section */
		5A2F748225312CE70086BFCF /* Frameworks */ = {
			isa = PBXFrameworksBuildPhase;
			buildActionMask = 2147483647;
			files = (
			);
			runOnlyForDeploymentPostprocessing = 0;
		};
		5A5B217C2550C31E007CC218 /* Frameworks */ = {
			isa = PBXFrameworksBuildPhase;
			buildActionMask = 2147483647;
			files = (
				5A5B21812550C31E007CC218 /* SwiftUI.framework in Frameworks */,
				5A5B21802550C31E007CC218 /* WidgetKit.framework in Frameworks */,
			);
			runOnlyForDeploymentPostprocessing = 0;
		};
		5A9E2C822434F39400C29103 /* Frameworks */ = {
			isa = PBXFrameworksBuildPhase;
			buildActionMask = 2147483647;
			files = (
			);
			runOnlyForDeploymentPostprocessing = 0;
		};
/* End PBXFrameworksBuildPhase section */

/* Begin PBXGroup section */
		5A2F748625312CE70086BFCF /* MusicTimerTests */ = {
			isa = PBXGroup;
			children = (
				5A2F748725312CE70086BFCF /* MusicTimerTests.swift */,
				5A2F748925312CE70086BFCF /* Info.plist */,
			);
			path = MusicTimerTests;
			sourceTree = "<group>";
		};
		5A5B21442550C258007CC218 /* Frameworks */ = {
			isa = PBXGroup;
			children = (
				5A5B21452550C258007CC218 /* WidgetKit.framework */,
				5A5B21472550C259007CC218 /* SwiftUI.framework */,
			);
			name = Frameworks;
			sourceTree = "<group>";
		};
		5A5B21822550C31E007CC218 /* MusicTimer Widget */ = {
			isa = PBXGroup;
			children = (
				5A5B21832550C31E007CC218 /* MusicTimer_Widget.swift */,
				5A5B21852550C320007CC218 /* Assets.xcassets */,
				5A5B21872550C320007CC218 /* Info.plist */,
				5A5B21A72550D9F7007CC218 /* ContentRepository.swift */,
				5A5B21AC2550DB88007CC218 /* LastPlaylist.swift */,
			);
			path = "MusicTimer Widget";
			sourceTree = "<group>";
		};
		5A7FA1122444FBF600BE7DAA /* Objects */ = {
			isa = PBXGroup;
			children = (
				5A7FA1132444FC1C00BE7DAA /* CommonMusicObjects.swift */,
				5A7FA1152444FF8200BE7DAA /* UserPlaylistDecoder.swift */,
				5A7FA11B24450DDE00BE7DAA /* PlaylistTracksDecoder.swift */,
				5A7FA11924450A7C00BE7DAA /* PlaylistObject.swift */,
				5A7FA11D24450FDC00BE7DAA /* SongObject.swift */,
			);
			path = Objects;
			sourceTree = "<group>";
		};
		5A9E2C7C2434F39400C29103 = {
			isa = PBXGroup;
			children = (
				5A5B219F2550D966007CC218 /* MusicTimer WidgetExtension.entitlements */,
				5A9E2C872434F39400C29103 /* MusicTimer */,
				5A2F748625312CE70086BFCF /* MusicTimerTests */,
				5A5B21822550C31E007CC218 /* MusicTimer Widget */,
				5A5B21442550C258007CC218 /* Frameworks */,
				5A9E2C862434F39400C29103 /* Products */,
			);
			sourceTree = "<group>";
		};
		5A9E2C862434F39400C29103 /* Products */ = {
			isa = PBXGroup;
			children = (
				5A9E2C852434F39400C29103 /* MusicTimer.app */,
				5A2F748525312CE70086BFCF /* MusicTimerTests.xctest */,
				5A5B217F2550C31E007CC218 /* MusicTimer WidgetExtension.appex */,
			);
			name = Products;
			sourceTree = "<group>";
		};
		5A9E2C872434F39400C29103 /* MusicTimer */ = {
			isa = PBXGroup;
			children = (
				5A5B21A32550D99C007CC218 /* MusicTimer.entitlements */,
				5A9E2C882434F39400C29103 /* AppDelegate.swift */,
				5A9E2C8A2434F39400C29103 /* SceneDelegate.swift */,
				5A9E2C9E2435248900C29103 /* View Controllers */,
				5ACA98192502B98A001933EF /* Extensions */,
				5A9E2C9F2435273B00C29103 /* Music Player */,
				5ACA981625017550001933EF /* Custom Views */,
				5ACA981124FEC927001933EF /* Custom Cells */,
				5A7FA1122444FBF600BE7DAA /* Objects */,
				5A9E2C912434F39900C29103 /* Assets.xcassets */,
				5A9E2C932434F39900C29103 /* LaunchScreen.storyboard */,
				5A9E2C962434F39900C29103 /* Info.plist */,
			);
			path = MusicTimer;
			sourceTree = "<group>";
		};
		5A9E2C9E2435248900C29103 /* View Controllers */ = {
			isa = PBXGroup;
			children = (
				5ACA9814250169D2001933EF /* NowPlayingViewController.swift */,
				5AA556242518FCF700B76BF4 /* ActivityViewController.swift */,
				5AB2AA05251A84C000E2A4AB /* NewMainScreenConceptViewController.swift */,
			);
			path = "View Controllers";
			sourceTree = "<group>";
		};
		5A9E2C9F2435273B00C29103 /* Music Player */ = {
			isa = PBXGroup;
			children = (
				5AE9BADD243D22EE00FEC215 /* MusicPlayer.swift */,
			);
			path = "Music Player";
			sourceTree = "<group>";
		};
		5ACA981124FEC927001933EF /* Custom Cells */ = {
			isa = PBXGroup;
			children = (
				5ACA981224FEC973001933EF /* PlaylistCell.swift */,
				5AB2AA08251A860F00E2A4AB /* NewPlaylistCell.swift */,
			);
			path = "Custom Cells";
			sourceTree = "<group>";
		};
		5ACA981625017550001933EF /* Custom Views */ = {
			isa = PBXGroup;
			children = (
				5ACA981725017571001933EF /* SongPreviewView.swift */,
				5A3410AE2507EE180037AF68 /* MiniNowPlayingView.swift */,
				5A3410B2250A98D50037AF68 /* RoundedImageWithShadow.swift */,
				5A6A817A251BD2A20075225C /* ButtonWithBlurredBackground.swift */,
			);
			path = "Custom Views";
			sourceTree = "<group>";
		};
		5ACA98192502B98A001933EF /* Extensions */ = {
			isa = PBXGroup;
			children = (
				5ACA981A2502B999001933EF /* ImageView Extension.swift */,
				5A3410B4250A9EFC0037AF68 /* UIImage Extension.swift */,
				5AC544022550A68A00404E1E /* NotificationNames.swift */,
			);
			path = Extensions;
			sourceTree = "<group>";
		};
/* End PBXGroup section */

/* Begin PBXNativeTarget section */
		5A2F748425312CE70086BFCF /* MusicTimerTests */ = {
			isa = PBXNativeTarget;
			buildConfigurationList = 5A2F748E25312CE70086BFCF /* Build configuration list for PBXNativeTarget "MusicTimerTests" */;
			buildPhases = (
				5A2F748125312CE70086BFCF /* Sources */,
				5A2F748225312CE70086BFCF /* Frameworks */,
				5A2F748325312CE70086BFCF /* Resources */,
			);
			buildRules = (
			);
			dependencies = (
				5A2F748B25312CE70086BFCF /* PBXTargetDependency */,
			);
			name = MusicTimerTests;
			productName = MusicTimerTests;
			productReference = 5A2F748525312CE70086BFCF /* MusicTimerTests.xctest */;
			productType = "com.apple.product-type.bundle.unit-test";
		};
		5A5B217E2550C31E007CC218 /* MusicTimer WidgetExtension */ = {
			isa = PBXNativeTarget;
			buildConfigurationList = 5A5B218D2550C320007CC218 /* Build configuration list for PBXNativeTarget "MusicTimer WidgetExtension" */;
			buildPhases = (
				5A5B217B2550C31E007CC218 /* Sources */,
				5A5B217C2550C31E007CC218 /* Frameworks */,
				5A5B217D2550C31E007CC218 /* Resources */,
			);
			buildRules = (
			);
			dependencies = (
			);
			name = "MusicTimer WidgetExtension";
			productName = "MusicTimer WidgetExtension";
			productReference = 5A5B217F2550C31E007CC218 /* MusicTimer WidgetExtension.appex */;
			productType = "com.apple.product-type.app-extension";
		};
		5A9E2C842434F39400C29103 /* MusicTimer */ = {
			isa = PBXNativeTarget;
			buildConfigurationList = 5A9E2C992434F39900C29103 /* Build configuration list for PBXNativeTarget "MusicTimer" */;
			buildPhases = (
				5A9E2C812434F39400C29103 /* Sources */,
				5A9E2C822434F39400C29103 /* Frameworks */,
				5A9E2C832434F39400C29103 /* Resources */,
				5A5B21552550C25C007CC218 /* Embed App Extensions */,
			);
			buildRules = (
			);
			dependencies = (
				5A5B21892550C320007CC218 /* PBXTargetDependency */,
			);
			name = MusicTimer;
			productName = MusicTimer;
			productReference = 5A9E2C852434F39400C29103 /* MusicTimer.app */;
			productType = "com.apple.product-type.application";
		};
/* End PBXNativeTarget section */

/* Begin PBXProject section */
		5A9E2C7D2434F39400C29103 /* Project object */ = {
			isa = PBXProject;
			attributes = {
				LastSwiftUpdateCheck = 1210;
				LastUpgradeCheck = 1200;
				ORGANIZATIONNAME = "Hunter Gilliam";
				TargetAttributes = {
					5A2F748425312CE70086BFCF = {
						CreatedOnToolsVersion = 12.0.1;
						TestTargetID = 5A9E2C842434F39400C29103;
					};
					5A5B217E2550C31E007CC218 = {
						CreatedOnToolsVersion = 12.1;
					};
					5A9E2C842434F39400C29103 = {
						CreatedOnToolsVersion = 11.4;
					};
				};
			};
			buildConfigurationList = 5A9E2C802434F39400C29103 /* Build configuration list for PBXProject "MusicTimer" */;
			compatibilityVersion = "Xcode 9.3";
			developmentRegion = en;
			hasScannedForEncodings = 0;
			knownRegions = (
				en,
				Base,
			);
			mainGroup = 5A9E2C7C2434F39400C29103;
			productRefGroup = 5A9E2C862434F39400C29103 /* Products */;
			projectDirPath = "";
			projectRoot = "";
			targets = (
				5A9E2C842434F39400C29103 /* MusicTimer */,
				5A2F748425312CE70086BFCF /* MusicTimerTests */,
				5A5B217E2550C31E007CC218 /* MusicTimer WidgetExtension */,
			);
		};
/* End PBXProject section */

/* Begin PBXResourcesBuildPhase section */
		5A2F748325312CE70086BFCF /* Resources */ = {
			isa = PBXResourcesBuildPhase;
			buildActionMask = 2147483647;
			files = (
			);
			runOnlyForDeploymentPostprocessing = 0;
		};
		5A5B217D2550C31E007CC218 /* Resources */ = {
			isa = PBXResourcesBuildPhase;
			buildActionMask = 2147483647;
			files = (
				5A5B21862550C320007CC218 /* Assets.xcassets in Resources */,
			);
			runOnlyForDeploymentPostprocessing = 0;
		};
		5A9E2C832434F39400C29103 /* Resources */ = {
			isa = PBXResourcesBuildPhase;
			buildActionMask = 2147483647;
			files = (
				5A9E2C952434F39900C29103 /* LaunchScreen.storyboard in Resources */,
				5A9E2C922434F39900C29103 /* Assets.xcassets in Resources */,
			);
			runOnlyForDeploymentPostprocessing = 0;
		};
/* End PBXResourcesBuildPhase section */

/* Begin PBXSourcesBuildPhase section */
		5A2F748125312CE70086BFCF /* Sources */ = {
			isa = PBXSourcesBuildPhase;
			buildActionMask = 2147483647;
			files = (
				5A2F748825312CE70086BFCF /* MusicTimerTests.swift in Sources */,
			);
			runOnlyForDeploymentPostprocessing = 0;
		};
		5A5B217B2550C31E007CC218 /* Sources */ = {
			isa = PBXSourcesBuildPhase;
			buildActionMask = 2147483647;
			files = (
				5A5B21842550C31E007CC218 /* MusicTimer_Widget.swift in Sources */,
				5A5B21AE2550DB88007CC218 /* LastPlaylist.swift in Sources */,
			);
			runOnlyForDeploymentPostprocessing = 0;
		};
		5A9E2C812434F39400C29103 /* Sources */ = {
			isa = PBXSourcesBuildPhase;
			buildActionMask = 2147483647;
			files = (
				5A7FA1142444FC1C00BE7DAA /* CommonMusicObjects.swift in Sources */,
				5ACA981B2502B999001933EF /* ImageView Extension.swift in Sources */,
				5A3410AF2507EE180037AF68 /* MiniNowPlayingView.swift in Sources */,
				5A7FA11A24450A7C00BE7DAA /* PlaylistObject.swift in Sources */,
				5AE9BADE243D22EE00FEC215 /* MusicPlayer.swift in Sources */,
				5ACA981825017571001933EF /* SongPreviewView.swift in Sources */,
				5A3410B5250A9EFC0037AF68 /* UIImage Extension.swift in Sources */,
				5ACA9815250169D2001933EF /* NowPlayingViewController.swift in Sources */,
				5A7FA1162444FF8200BE7DAA /* UserPlaylistDecoder.swift in Sources */,
				5ACA981324FEC973001933EF /* PlaylistCell.swift in Sources */,
				5A9E2C892434F39400C29103 /* AppDelegate.swift in Sources */,
				5A7FA11C24450DDE00BE7DAA /* PlaylistTracksDecoder.swift in Sources */,
				5AA556252518FCF700B76BF4 /* ActivityViewController.swift in Sources */,
				5A5B21A82550D9F7007CC218 /* ContentRepository.swift in Sources */,
				5A9E2C8B2434F39400C29103 /* SceneDelegate.swift in Sources */,
				5A3410B3250A98D50037AF68 /* RoundedImageWithShadow.swift in Sources */,
				5AB2AA09251A860F00E2A4AB /* NewPlaylistCell.swift in Sources */,
				5A5B21AD2550DB88007CC218 /* LastPlaylist.swift in Sources */,
				5AB2AA06251A84C000E2A4AB /* NewMainScreenConceptViewController.swift in Sources */,
				5AC544032550A68A00404E1E /* NotificationNames.swift in Sources */,
				5A6A817B251BD2A20075225C /* ButtonWithBlurredBackground.swift in Sources */,
				5A7FA11E24450FDC00BE7DAA /* SongObject.swift in Sources */,
			);
			runOnlyForDeploymentPostprocessing = 0;
		};
/* End PBXSourcesBuildPhase section */

/* Begin PBXTargetDependency section */
		5A2F748B25312CE70086BFCF /* PBXTargetDependency */ = {
			isa = PBXTargetDependency;
			target = 5A9E2C842434F39400C29103 /* MusicTimer */;
			targetProxy = 5A2F748A25312CE70086BFCF /* PBXContainerItemProxy */;
		};
		5A5B21892550C320007CC218 /* PBXTargetDependency */ = {
			isa = PBXTargetDependency;
			target = 5A5B217E2550C31E007CC218 /* MusicTimer WidgetExtension */;
			targetProxy = 5A5B21882550C320007CC218 /* PBXContainerItemProxy */;
		};
/* End PBXTargetDependency section */

/* Begin PBXVariantGroup section */
		5A9E2C932434F39900C29103 /* LaunchScreen.storyboard */ = {
			isa = PBXVariantGroup;
			children = (
				5A9E2C942434F39900C29103 /* Base */,
			);
			name = LaunchScreen.storyboard;
			sourceTree = "<group>";
		};
/* End PBXVariantGroup section */

/* Begin XCBuildConfiguration section */
		5A2F748C25312CE70086BFCF /* Debug */ = {
			isa = XCBuildConfiguration;
			buildSettings = {
				BUNDLE_LOADER = "$(TEST_HOST)";
				CODE_SIGN_STYLE = Automatic;
				DEVELOPMENT_TEAM = E7Y454QTN5;
				INFOPLIST_FILE = MusicTimerTests/Info.plist;
				LD_RUNPATH_SEARCH_PATHS = (
					"$(inherited)",
					"@executable_path/Frameworks",
					"@loader_path/Frameworks",
				);
				PRODUCT_BUNDLE_IDENTIFIER = com.huntergilliam.MusicTimerTests;
				PRODUCT_NAME = "$(TARGET_NAME)";
				SWIFT_VERSION = 5.0;
				TARGETED_DEVICE_FAMILY = "1,2";
				TEST_HOST = "$(BUILT_PRODUCTS_DIR)/MusicTimer.app/MusicTimer";
			};
			name = Debug;
		};
		5A2F748D25312CE70086BFCF /* Release */ = {
			isa = XCBuildConfiguration;
			buildSettings = {
				BUNDLE_LOADER = "$(TEST_HOST)";
				CODE_SIGN_STYLE = Automatic;
				DEVELOPMENT_TEAM = E7Y454QTN5;
				INFOPLIST_FILE = MusicTimerTests/Info.plist;
				LD_RUNPATH_SEARCH_PATHS = (
					"$(inherited)",
					"@executable_path/Frameworks",
					"@loader_path/Frameworks",
				);
				PRODUCT_BUNDLE_IDENTIFIER = com.huntergilliam.MusicTimerTests;
				PRODUCT_NAME = "$(TARGET_NAME)";
				SWIFT_VERSION = 5.0;
				TARGETED_DEVICE_FAMILY = "1,2";
				TEST_HOST = "$(BUILT_PRODUCTS_DIR)/MusicTimer.app/MusicTimer";
			};
			name = Release;
		};
		5A5B218B2550C320007CC218 /* Debug */ = {
			isa = XCBuildConfiguration;
			buildSettings = {
				ASSETCATALOG_COMPILER_GLOBAL_ACCENT_COLOR_NAME = AccentColor;
				ASSETCATALOG_COMPILER_WIDGET_BACKGROUND_COLOR_NAME = WidgetBackground;
				CODE_SIGN_ENTITLEMENTS = "MusicTimer WidgetExtension.entitlements";
				CODE_SIGN_IDENTITY = "Apple Development";
				CODE_SIGN_STYLE = Automatic;
				DEVELOPMENT_TEAM = E7Y454QTN5;
				INFOPLIST_FILE = "MusicTimer Widget/Info.plist";
				IPHONEOS_DEPLOYMENT_TARGET = 14.1;
				LD_RUNPATH_SEARCH_PATHS = (
					"$(inherited)",
					"@executable_path/Frameworks",
					"@executable_path/../../Frameworks",
				);
				PRODUCT_BUNDLE_IDENTIFIER = "com.huntergilliam.MusicTimer.MusicTimer-Widget";
				PRODUCT_NAME = "$(TARGET_NAME)";
				SKIP_INSTALL = YES;
				SWIFT_VERSION = 5.0;
				TARGETED_DEVICE_FAMILY = "1,2";
			};
			name = Debug;
		};
		5A5B218C2550C320007CC218 /* Release */ = {
			isa = XCBuildConfiguration;
			buildSettings = {
				ASSETCATALOG_COMPILER_GLOBAL_ACCENT_COLOR_NAME = AccentColor;
				ASSETCATALOG_COMPILER_WIDGET_BACKGROUND_COLOR_NAME = WidgetBackground;
				CODE_SIGN_ENTITLEMENTS = "MusicTimer WidgetExtension.entitlements";
				CODE_SIGN_IDENTITY = "Apple Development";
				CODE_SIGN_STYLE = Automatic;
				DEVELOPMENT_TEAM = E7Y454QTN5;
				INFOPLIST_FILE = "MusicTimer Widget/Info.plist";
				IPHONEOS_DEPLOYMENT_TARGET = 14.1;
				LD_RUNPATH_SEARCH_PATHS = (
					"$(inherited)",
					"@executable_path/Frameworks",
					"@executable_path/../../Frameworks",
				);
				PRODUCT_BUNDLE_IDENTIFIER = "com.huntergilliam.MusicTimer.MusicTimer-Widget";
				PRODUCT_NAME = "$(TARGET_NAME)";
				SKIP_INSTALL = YES;
				SWIFT_VERSION = 5.0;
				TARGETED_DEVICE_FAMILY = "1,2";
			};
			name = Release;
		};
		5A9E2C972434F39900C29103 /* Debug */ = {
			isa = XCBuildConfiguration;
			buildSettings = {
				ALWAYS_SEARCH_USER_PATHS = NO;
				CLANG_ANALYZER_NONNULL = YES;
				CLANG_ANALYZER_NUMBER_OBJECT_CONVERSION = YES_AGGRESSIVE;
				CLANG_CXX_LANGUAGE_STANDARD = "gnu++14";
				CLANG_CXX_LIBRARY = "libc++";
				CLANG_ENABLE_MODULES = YES;
				CLANG_ENABLE_OBJC_ARC = YES;
				CLANG_ENABLE_OBJC_WEAK = YES;
				CLANG_WARN_BLOCK_CAPTURE_AUTORELEASING = YES;
				CLANG_WARN_BOOL_CONVERSION = YES;
				CLANG_WARN_COMMA = YES;
				CLANG_WARN_CONSTANT_CONVERSION = YES;
				CLANG_WARN_DEPRECATED_OBJC_IMPLEMENTATIONS = YES;
				CLANG_WARN_DIRECT_OBJC_ISA_USAGE = YES_ERROR;
				CLANG_WARN_DOCUMENTATION_COMMENTS = YES;
				CLANG_WARN_EMPTY_BODY = YES;
				CLANG_WARN_ENUM_CONVERSION = YES;
				CLANG_WARN_INFINITE_RECURSION = YES;
				CLANG_WARN_INT_CONVERSION = YES;
				CLANG_WARN_NON_LITERAL_NULL_CONVERSION = YES;
				CLANG_WARN_OBJC_IMPLICIT_RETAIN_SELF = YES;
				CLANG_WARN_OBJC_LITERAL_CONVERSION = YES;
				CLANG_WARN_OBJC_ROOT_CLASS = YES_ERROR;
				CLANG_WARN_QUOTED_INCLUDE_IN_FRAMEWORK_HEADER = YES;
				CLANG_WARN_RANGE_LOOP_ANALYSIS = YES;
				CLANG_WARN_STRICT_PROTOTYPES = YES;
				CLANG_WARN_SUSPICIOUS_MOVE = YES;
				CLANG_WARN_UNGUARDED_AVAILABILITY = YES_AGGRESSIVE;
				CLANG_WARN_UNREACHABLE_CODE = YES;
				CLANG_WARN__DUPLICATE_METHOD_MATCH = YES;
				COPY_PHASE_STRIP = NO;
				DEBUG_INFORMATION_FORMAT = dwarf;
				ENABLE_STRICT_OBJC_MSGSEND = YES;
				ENABLE_TESTABILITY = YES;
				GCC_C_LANGUAGE_STANDARD = gnu11;
				GCC_DYNAMIC_NO_PIC = NO;
				GCC_NO_COMMON_BLOCKS = YES;
				GCC_OPTIMIZATION_LEVEL = 0;
				GCC_PREPROCESSOR_DEFINITIONS = (
					"DEBUG=1",
					"$(inherited)",
				);
				GCC_WARN_64_TO_32_BIT_CONVERSION = YES;
				GCC_WARN_ABOUT_RETURN_TYPE = YES_ERROR;
				GCC_WARN_UNDECLARED_SELECTOR = YES;
				GCC_WARN_UNINITIALIZED_AUTOS = YES_AGGRESSIVE;
				GCC_WARN_UNUSED_FUNCTION = YES;
				GCC_WARN_UNUSED_VARIABLE = YES;
				IPHONEOS_DEPLOYMENT_TARGET = 14.0;
				MTL_ENABLE_DEBUG_INFO = INCLUDE_SOURCE;
				MTL_FAST_MATH = YES;
				ONLY_ACTIVE_ARCH = YES;
				SDKROOT = iphoneos;
				SWIFT_ACTIVE_COMPILATION_CONDITIONS = DEBUG;
				SWIFT_OPTIMIZATION_LEVEL = "-Onone";
			};
			name = Debug;
		};
		5A9E2C982434F39900C29103 /* Release */ = {
			isa = XCBuildConfiguration;
			buildSettings = {
				ALWAYS_SEARCH_USER_PATHS = NO;
				CLANG_ANALYZER_NONNULL = YES;
				CLANG_ANALYZER_NUMBER_OBJECT_CONVERSION = YES_AGGRESSIVE;
				CLANG_CXX_LANGUAGE_STANDARD = "gnu++14";
				CLANG_CXX_LIBRARY = "libc++";
				CLANG_ENABLE_MODULES = YES;
				CLANG_ENABLE_OBJC_ARC = YES;
				CLANG_ENABLE_OBJC_WEAK = YES;
				CLANG_WARN_BLOCK_CAPTURE_AUTORELEASING = YES;
				CLANG_WARN_BOOL_CONVERSION = YES;
				CLANG_WARN_COMMA = YES;
				CLANG_WARN_CONSTANT_CONVERSION = YES;
				CLANG_WARN_DEPRECATED_OBJC_IMPLEMENTATIONS = YES;
				CLANG_WARN_DIRECT_OBJC_ISA_USAGE = YES_ERROR;
				CLANG_WARN_DOCUMENTATION_COMMENTS = YES;
				CLANG_WARN_EMPTY_BODY = YES;
				CLANG_WARN_ENUM_CONVERSION = YES;
				CLANG_WARN_INFINITE_RECURSION = YES;
				CLANG_WARN_INT_CONVERSION = YES;
				CLANG_WARN_NON_LITERAL_NULL_CONVERSION = YES;
				CLANG_WARN_OBJC_IMPLICIT_RETAIN_SELF = YES;
				CLANG_WARN_OBJC_LITERAL_CONVERSION = YES;
				CLANG_WARN_OBJC_ROOT_CLASS = YES_ERROR;
				CLANG_WARN_QUOTED_INCLUDE_IN_FRAMEWORK_HEADER = YES;
				CLANG_WARN_RANGE_LOOP_ANALYSIS = YES;
				CLANG_WARN_STRICT_PROTOTYPES = YES;
				CLANG_WARN_SUSPICIOUS_MOVE = YES;
				CLANG_WARN_UNGUARDED_AVAILABILITY = YES_AGGRESSIVE;
				CLANG_WARN_UNREACHABLE_CODE = YES;
				CLANG_WARN__DUPLICATE_METHOD_MATCH = YES;
				COPY_PHASE_STRIP = NO;
				DEBUG_INFORMATION_FORMAT = "dwarf-with-dsym";
				ENABLE_NS_ASSERTIONS = NO;
				ENABLE_STRICT_OBJC_MSGSEND = YES;
				GCC_C_LANGUAGE_STANDARD = gnu11;
				GCC_NO_COMMON_BLOCKS = YES;
				GCC_WARN_64_TO_32_BIT_CONVERSION = YES;
				GCC_WARN_ABOUT_RETURN_TYPE = YES_ERROR;
				GCC_WARN_UNDECLARED_SELECTOR = YES;
				GCC_WARN_UNINITIALIZED_AUTOS = YES_AGGRESSIVE;
				GCC_WARN_UNUSED_FUNCTION = YES;
				GCC_WARN_UNUSED_VARIABLE = YES;
				IPHONEOS_DEPLOYMENT_TARGET = 14.0;
				MTL_ENABLE_DEBUG_INFO = NO;
				MTL_FAST_MATH = YES;
				SDKROOT = iphoneos;
				SWIFT_COMPILATION_MODE = wholemodule;
				SWIFT_OPTIMIZATION_LEVEL = "-O";
				VALIDATE_PRODUCT = YES;
			};
			name = Release;
		};
		5A9E2C9A2434F39900C29103 /* Debug */ = {
			isa = XCBuildConfiguration;
			buildSettings = {
				ALWAYS_EMBED_SWIFT_STANDARD_LIBRARIES = YES;
				ASSETCATALOG_COMPILER_APPICON_NAME = AppIcon;
				CODE_SIGN_ENTITLEMENTS = MusicTimer/MusicTimer.entitlements;
				CODE_SIGN_IDENTITY = "Apple Development";
				CODE_SIGN_STYLE = Automatic;
				DEVELOPMENT_TEAM = E7Y454QTN5;
				INFOPLIST_FILE = MusicTimer/Info.plist;
				LD_RUNPATH_SEARCH_PATHS = (
					"$(inherited)",
					"@executable_path/Frameworks",
				);
				PRODUCT_BUNDLE_IDENTIFIER = com.huntergilliam.MusicTimer;
				PRODUCT_NAME = "$(TARGET_NAME)";
				PROVISIONING_PROFILE_SPECIFIER = "";
				SWIFT_VERSION = 5.0;
				TARGETED_DEVICE_FAMILY = 1;
			};
			name = Debug;
		};
		5A9E2C9B2434F39900C29103 /* Release */ = {
			isa = XCBuildConfiguration;
			buildSettings = {
				ALWAYS_EMBED_SWIFT_STANDARD_LIBRARIES = YES;
				ASSETCATALOG_COMPILER_APPICON_NAME = AppIcon;
				CODE_SIGN_ENTITLEMENTS = MusicTimer/MusicTimer.entitlements;
				CODE_SIGN_IDENTITY = "Apple Development";
				CODE_SIGN_STYLE = Automatic;
				DEVELOPMENT_TEAM = E7Y454QTN5;
				INFOPLIST_FILE = MusicTimer/Info.plist;
				LD_RUNPATH_SEARCH_PATHS = (
					"$(inherited)",
					"@executable_path/Frameworks",
				);
				PRODUCT_BUNDLE_IDENTIFIER = com.huntergilliam.MusicTimer;
				PRODUCT_NAME = "$(TARGET_NAME)";
				PROVISIONING_PROFILE_SPECIFIER = "";
				SWIFT_VERSION = 5.0;
				TARGETED_DEVICE_FAMILY = 1;
			};
			name = Release;
		};
/* End XCBuildConfiguration section */

/* Begin XCConfigurationList section */
		5A2F748E25312CE70086BFCF /* Build configuration list for PBXNativeTarget "MusicTimerTests" */ = {
			isa = XCConfigurationList;
			buildConfigurations = (
				5A2F748C25312CE70086BFCF /* Debug */,
				5A2F748D25312CE70086BFCF /* Release */,
			);
			defaultConfigurationIsVisible = 0;
			defaultConfigurationName = Release;
		};
		5A5B218D2550C320007CC218 /* Build configuration list for PBXNativeTarget "MusicTimer WidgetExtension" */ = {
			isa = XCConfigurationList;
			buildConfigurations = (
				5A5B218B2550C320007CC218 /* Debug */,
				5A5B218C2550C320007CC218 /* Release */,
			);
			defaultConfigurationIsVisible = 0;
			defaultConfigurationName = Release;
		};
		5A9E2C802434F39400C29103 /* Build configuration list for PBXProject "MusicTimer" */ = {
			isa = XCConfigurationList;
			buildConfigurations = (
				5A9E2C972434F39900C29103 /* Debug */,
				5A9E2C982434F39900C29103 /* Release */,
			);
			defaultConfigurationIsVisible = 0;
			defaultConfigurationName = Release;
		};
		5A9E2C992434F39900C29103 /* Build configuration list for PBXNativeTarget "MusicTimer" */ = {
			isa = XCConfigurationList;
			buildConfigurations = (
				5A9E2C9A2434F39900C29103 /* Debug */,
				5A9E2C9B2434F39900C29103 /* Release */,
			);
			defaultConfigurationIsVisible = 0;
			defaultConfigurationName = Release;
		};
/* End XCConfigurationList section */
	};
	rootObject = 5A9E2C7D2434F39400C29103 /* Project object */;
}
